
Microsoft Visual Studio Solution File, Format Version 12.00
# Visual Studio Version 16
VisualStudioVersion = 16.0.30320.27
MinimumVisualStudioVersion = 10.0.40219.1
Project("{FAE04EC0-301F-11D3-BF4B-00C04F79EFBC}") = "WpfApp1", "WpfApp1\WpfApp1.csproj", "{856858A8-2407-4E2D-ACF7-B1E9D4381EDB}"
EndProject
Global
	GlobalSection(SolutionConfigurationPlatforms) = preSolution
		Debug|Any CPU = Debug|Any CPU
		Release|Any CPU = Release|Any CPU
	EndGlobalSection
	GlobalSection(ProjectConfigurationPlatforms) = postSolution
		{856858A8-2407-4E2D-ACF7-B1E9D4381EDB}.Debug|Any CPU.ActiveCfg = Debug|Any CPU
		{856858A8-2407-4E2D-ACF7-B1E9D4381EDB}.Debug|Any CPU.Build.0 = Debug|Any CPU
		{856858A8-2407-4E2D-ACF7-B1E9D4381EDB}.Release|Any CPU.ActiveCfg = Release|Any CPU
		{856858A8-2407-4E2D-ACF7-B1E9D4381EDB}.Release|Any CPU.Build.0 = Release|Any CPU
	EndGlobalSection
	GlobalSection(SolutionProperties) = preSolution
		HideSolutionNode = FALSE
	EndGlobalSection
	GlobalSection(ExtensibilityGlobals) = postSolution
		SolutionGuid = {BF1C1B9D-0CA1-42FB-AFDC-083365D608A6}
	EndGlobalSection
EndGlobal
